{
    "_readme": [
        "This file locks the dependencies of your project to a known state",
        "Read more about it at https://getcomposer.org/doc/01-basic-usage.md#installing-dependencies",
        "This file is @generated automatically"
    ],
    "content-hash": "e7864f0b9fce47359685db9f5278d723",
    "packages": [
        {
            "name": "artack/color",
            "version": "0.6.0",
            "source": {
                "type": "git",
                "url": "https://github.com/ARTACK/color.git",
                "reference": "f8c034237b4fff00f6a1602e3379dc636d743053"
            },
            "dist": {
                "type": "zip",
                "url": "https://api.github.com/repos/ARTACK/color/zipball/f8c034237b4fff00f6a1602e3379dc636d743053",
                "reference": "f8c034237b4fff00f6a1602e3379dc636d743053",
                "shasum": ""
            },
            "require": {
                "clue/graph": "^0.9.0",
                "graphp/algorithms": "^0.8.1",
                "php": "^7.4|^8.0",
                "webmozart/assert": "^1.2"
            },
            "require-dev": {
                "friendsofphp/php-cs-fixer": "^v3.9",
                "phpstan/phpstan": "^1.8",
                "phpstan/phpstan-phpunit": "^1.1",
                "phpstan/phpstan-webmozart-assert": "^1.2",
                "phpunit/phpunit": "^9.5"
            },
            "type": "library",
            "autoload": {
                "psr-4": {
                    "Artack\\Color\\": "src/"
                }
            },
            "notification-url": "https://packagist.org/downloads/",
            "license": [
                "MIT"
            ],
            "authors": [
                {
                    "name": "ARTACK WebLab GmbH",
                    "homepage": "https://www.artack.ch"
                }
            ],
            "description": "Color helper library for converting between RGB, CMYK, HSV, HST and HEX and create interpolation.",
            "keywords": [
                "color",
                "conversion",
                "interpolation"
            ],
            "support": {
                "issues": "https://github.com/ARTACK/color/issues",
                "source": "https://github.com/ARTACK/color/tree/0.6.0"
            },
            "time": "2022-08-09T11:53:54+00:00"
        },
        {
            "name": "clue/graph",
            "version": "v0.9.3",
            "source": {
                "type": "git",
                "url": "https://github.com/graphp/graph.git",
                "reference": "d1661c0a0e011a8550fa60ae5354f230d1555909"
            },
            "dist": {
                "type": "zip",
                "url": "https://api.github.com/repos/graphp/graph/zipball/d1661c0a0e011a8550fa60ae5354f230d1555909",
                "reference": "d1661c0a0e011a8550fa60ae5354f230d1555909",
                "shasum": ""
            },
            "require": {
                "php": ">=5.3"
            },
            "require-dev": {
                "phpunit/phpunit": "^9.3 || ^5.7 || ^4.8.35"
            },
            "suggest": {
                "graphp/algorithms": "Common graph algorithms, such as Dijkstra and Moore-Bellman-Ford (shortest path), minimum spanning tree (MST), Kruskal, Prim and many more..",
                "graphp/graphviz": "GraphViz graph drawing / DOT output"
            },
            "type": "library",
            "autoload": {
                "psr-4": {
                    "Fhaculty\\Graph\\": "src/"
                }
            },
            "notification-url": "https://packagist.org/downloads/",
            "license": [
                "MIT"
            ],
            "authors": [
                {
                    "name": "Christian Lück",
                    "email": "christian@clue.engineering"
                }
            ],
            "description": "GraPHP is the mathematical graph/network library written in PHP.",
            "homepage": "https://github.com/graphp/graph",
            "keywords": [
                "edge",
                "graph",
                "mathematical",
                "network",
                "vertex"
            ],
            "support": {
                "issues": "https://github.com/graphp/graph/issues",
                "source": "https://github.com/graphp/graph/tree/v0.9.3"
            },
            "funding": [
                {
                    "url": "https://clue.engineering/support",
                    "type": "custom"
                },
                {
                    "url": "https://github.com/clue",
                    "type": "github"
                }
            ],
            "time": "2021-12-30T09:22:01+00:00"
        },
        {
            "name": "graphp/algorithms",
            "version": "v0.8.2",
            "source": {
                "type": "git",
                "url": "https://github.com/graphp/algorithms.git",
                "reference": "abebbc44109f65c2962cd66f048ea3b8563e0a4a"
            },
            "dist": {
                "type": "zip",
                "url": "https://api.github.com/repos/graphp/algorithms/zipball/abebbc44109f65c2962cd66f048ea3b8563e0a4a",
                "reference": "abebbc44109f65c2962cd66f048ea3b8563e0a4a",
                "shasum": ""
            },
            "require": {
                "clue/graph": "~0.9.0|~0.8.0",
                "php": ">=5.3"
            },
            "require-dev": {
                "phpunit/phpunit": "^6.4 || ^5.7 || ^4.8.35"
            },
            "type": "library",
            "autoload": {
                "psr-4": {
                    "Graphp\\Algorithms\\": "src/"
                }
            },
            "notification-url": "https://packagist.org/downloads/",
            "license": [
                "MIT"
            ],
            "authors": [
                {
                    "name": "Christian Lück",
                    "email": "christian@clue.engineering"
                }
            ],
            "description": "Common mathematical graph algorithms implemented in PHP",
            "homepage": "https://github.com/graphp/algorithms",
            "keywords": [
                "Graph algorithms",
                "dijkstra",
                "kruskal",
                "minimum spanning tree",
                "moore-bellman-ford",
                "prim",
                "shortest path"
            ],
            "support": {
                "issues": "https://github.com/graphp/algorithms/issues",
                "source": "https://github.com/graphp/algorithms/tree/v0.8.2"
            },
            "time": "2020-02-20T18:01:41+00:00"
        },
        {
            "name": "php-units-of-measure/php-units-of-measure",
            "version": "v2.1.0",
            "source": {
                "type": "git",
                "url": "https://github.com/PhpUnitsOfMeasure/php-units-of-measure.git",
                "reference": "25f476e9c50e11af8cf044d22ffc271c96aa5248"
            },
            "dist": {
                "type": "zip",
                "url": "https://api.github.com/repos/PhpUnitsOfMeasure/php-units-of-measure/zipball/25f476e9c50e11af8cf044d22ffc271c96aa5248",
                "reference": "25f476e9c50e11af8cf044d22ffc271c96aa5248",
                "shasum": ""
            },
            "require": {
                "php": ">=5.4.0"
            },
            "replace": {
                "triplepoint/php-units-of-measure": "*"
            },
            "require-dev": {
                "phpunit/phpunit": "4.8.*",
                "squizlabs/php_codesniffer": "2.2.*"
            },
            "type": "library",
            "autoload": {
                "psr-4": {
                    "PhpUnitsOfMeasure\\": "source/"
                }
            },
            "notification-url": "https://packagist.org/downloads/",
            "license": [
                "MIT"
            ],
            "authors": [
                {
                    "name": "Jonathan Hanson",
                    "email": "jonathan@jonathan-hanson.org",
                    "homepage": "http://www.jonathan-hanson.org/",
                    "role": "Developer"
                }
            ],
            "description": "A PHP library for converting between standard units of measure.",
            "homepage": "https://github.com/PhpUnitsOfMeasure/php-units-of-measure",
            "keywords": [
                "conversion",
                "data",
                "measurements"
            ],
            "support": {
                "email": "jonathan@jonathan-hanson.org",
                "issues": "https://github.com/PhpUnitsOfMeasure/php-units-of-measure/issues",
                "source": "https://github.com/PhpUnitsOfMeasure/php-units-of-measure"
            },
            "time": "2016-07-24T22:36:00+00:00"
        },
        {
            "name": "webmozart/assert",
            "version": "1.11.0",
            "source": {
                "type": "git",
                "url": "https://github.com/webmozarts/assert.git",
                "reference": "11cb2199493b2f8a3b53e7f19068fc6aac760991"
            },
            "dist": {
                "type": "zip",
                "url": "https://api.github.com/repos/webmozarts/assert/zipball/11cb2199493b2f8a3b53e7f19068fc6aac760991",
                "reference": "11cb2199493b2f8a3b53e7f19068fc6aac760991",
                "shasum": ""
            },
            "require": {
                "ext-ctype": "*",
                "php": "^7.2 || ^8.0"
            },
            "conflict": {
                "phpstan/phpstan": "<0.12.20",
                "vimeo/psalm": "<4.6.1 || 4.6.2"
            },
            "require-dev": {
                "phpunit/phpunit": "^8.5.13"
            },
            "type": "library",
            "extra": {
                "branch-alias": {
                    "dev-master": "1.10-dev"
                }
            },
            "autoload": {
                "psr-4": {
                    "Webmozart\\Assert\\": "src/"
                }
            },
            "notification-url": "https://packagist.org/downloads/",
            "license": [
                "MIT"
            ],
            "authors": [
                {
                    "name": "Bernhard Schussek",
                    "email": "bschussek@gmail.com"
                }
            ],
            "description": "Assertions to validate method input/output with nice error messages.",
            "keywords": [
                "assert",
                "check",
                "validate"
            ],
            "support": {
                "issues": "https://github.com/webmozarts/assert/issues",
                "source": "https://github.com/webmozarts/assert/tree/1.11.0"
            },
            "time": "2022-06-03T18:03:27+00:00"
        }
    ],
    "packages-dev": [],
    "aliases": [],
    "minimum-stability": "stable",
    "stability-flags": [],
    "prefer-stable": false,
    "prefer-lowest": false,
    "platform": [],
    "platform-dev": [],
    "plugin-api-version": "2.2.0"
}
